// !$*UTF8*$!
{
	archiveVersion = 1;
	classes = {
	};
	objectVersion = 56;
	objects = {

/* Begin PBXBuildFile section */
		6ECC06BA2BE2FFA40072EAEE /* UsersAppApp.swift in Sources */ = {isa = PBXBuildFile; fileRef = 6ECC06B92BE2FFA40072EAEE /* UsersAppApp.swift */; };
		6ECC06BC2BE2FFA40072EAEE /* ContentView.swift in Sources */ = {isa = PBXBuildFile; fileRef = 6ECC06BB2BE2FFA40072EAEE /* ContentView.swift */; };
		6ECC06BE2BE2FFA60072EAEE /* Assets.xcassets in Resources */ = {isa = PBXBuildFile; fileRef = 6ECC06BD2BE2FFA60072EAEE /* Assets.xcassets */; };
		6ECC06C12BE2FFA60072EAEE /* Preview Assets.xcassets in Resources */ = {isa = PBXBuildFile; fileRef = 6ECC06C02BE2FFA60072EAEE /* Preview Assets.xcassets */; };
		6ECC06CB2BE2FFA60072EAEE /* UsersAppTests.swift in Sources */ = {isa = PBXBuildFile; fileRef = 6ECC06CA2BE2FFA60072EAEE /* UsersAppTests.swift */; };
		6ECC06D52BE2FFA60072EAEE /* UsersAppUITests.swift in Sources */ = {isa = PBXBuildFile; fileRef = 6ECC06D42BE2FFA60072EAEE /* UsersAppUITests.swift */; };
		6ECC06D72BE2FFA60072EAEE /* UsersAppUITestsLaunchTests.swift in Sources */ = {isa = PBXBuildFile; fileRef = 6ECC06D62BE2FFA60072EAEE /* UsersAppUITestsLaunchTests.swift */; };
/* End PBXBuildFile section */

/* Begin PBXContainerItemProxy section */
		6ECC06C72BE2FFA60072EAEE /* PBXContainerItemProxy */ = {
			isa = PBXContainerItemProxy;
			containerPortal = 6ECC06AE2BE2FFA40072EAEE /* Project object */;
			proxyType = 1;
			remoteGlobalIDString = 6ECC06B52BE2FFA40072EAEE;
			remoteInfo = UsersApp;
		};
		6ECC06D12BE2FFA60072EAEE /* PBXContainerItemProxy */ = {
			isa = PBXContainerItemProxy;
			containerPortal = 6ECC06AE2BE2FFA40072EAEE /* Project object */;
			proxyType = 1;
			remoteGlobalIDString = 6ECC06B52BE2FFA40072EAEE;
			remoteInfo = UsersApp;
		};
/* End PBXContainerItemProxy section */

/* Begin PBXFileReference section */
		6ECC06B62BE2FFA40072EAEE /* UsersApp.app */ = {isa = PBXFileReference; explicitFileType = wrapper.application; includeInIndex = 0; path = UsersApp.app; sourceTree = BUILT_PRODUCTS_DIR; };
		6ECC06B92BE2FFA40072EAEE /* UsersAppApp.swift */ = {isa = PBXFileReference; lastKnownFileType = sourcecode.swift; path = UsersAppApp.swift; sourceTree = "<group>"; };
		6ECC06BB2BE2FFA40072EAEE /* ContentView.swift */ = {isa = PBXFileReference; lastKnownFileType = sourcecode.swift; path = ContentView.swift; sourceTree = "<group>"; };
		6ECC06BD2BE2FFA60072EAEE /* Assets.xcassets */ = {isa = PBXFileReference; lastKnownFileType = folder.assetcatalog; path = Assets.xcassets; sourceTree = "<group>"; };
		6ECC06C02BE2FFA60072EAEE /* Preview Assets.xcassets */ = {isa = PBXFileReference; lastKnownFileType = folder.assetcatalog; path = "Preview Assets.xcassets"; sourceTree = "<group>"; };
		6ECC06C62BE2FFA60072EAEE /* UsersAppTests.xctest */ = {isa = PBXFileReference; explicitFileType = wrapper.cfbundle; includeInIndex = 0; path = UsersAppTests.xctest; sourceTree = BUILT_PRODUCTS_DIR; };
		6ECC06CA2BE2FFA60072EAEE /* UsersAppTests.swift */ = {isa = PBXFileReference; lastKnownFileType = sourcecode.swift; path = UsersAppTests.swift; sourceTree = "<group>"; };
		6ECC06D02BE2FFA60072EAEE /* UsersAppUITests.xctest */ = {isa = PBXFileReference; explicitFileType = wrapper.cfbundle; includeInIndex = 0; path = UsersAppUITests.xctest; sourceTree = BUILT_PRODUCTS_DIR; };
		6ECC06D42BE2FFA60072EAEE /* UsersAppUITests.swift */ = {isa = PBXFileReference; lastKnownFileType = sourcecode.swift; path = UsersAppUITests.swift; sourceTree = "<group>"; };
		6ECC06D62BE2FFA60072EAEE /* UsersAppUITestsLaunchTests.swift */ = {isa = PBXFileReference; lastKnownFileType = sourcecode.swift; path = UsersAppUITestsLaunchTests.swift; sourceTree = "<group>"; };
/* End PBXFileReference section */

/* Begin PBXFrameworksBuildPhase section */
		6ECC06B32BE2FFA40072EAEE /* Frameworks */ = {
			isa = PBXFrameworksBuildPhase;
			buildActionMask = 2147483647;
			files = (
			);
			runOnlyForDeploymentPostprocessing = 0;
		};
		6ECC06C32BE2FFA60072EAEE /* Frameworks */ = {
			isa = PBXFrameworksBuildPhase;
			buildActionMask = 2147483647;
			files = (
			);
			runOnlyForDeploymentPostprocessing = 0;
		};
		6ECC06CD2BE2FFA60072EAEE /* Frameworks */ = {
			isa = PBXFrameworksBuildPhase;
			buildActionMask = 2147483647;
			files = (
			);
			runOnlyForDeploymentPostprocessing = 0;
		};
/* End PBXFrameworksBuildPhase section */

/* Begin PBXGroup section */
		6ECC06AD2BE2FFA40072EAEE = {
			isa = PBXGroup;
			children = (
				6ECC06B82BE2FFA40072EAEE /* UsersApp */,
				6ECC06C92BE2FFA60072EAEE /* UsersAppTests */,
				6ECC06D32BE2FFA60072EAEE /* UsersAppUITests */,
				6ECC06B72BE2FFA40072EAEE /* Products */,
			);
			sourceTree = "<group>";
		};
		6ECC06B72BE2FFA40072EAEE /* Products */ = {
			isa = PBXGroup;
			children = (
				6ECC06B62BE2FFA40072EAEE /* UsersApp.app */,
				6ECC06C62BE2FFA60072EAEE /* UsersAppTests.xctest */,
				6ECC06D02BE2FFA60072EAEE /* UsersAppUITests.xctest */,
			);
			name = Products;
			sourceTree = "<group>";
		};
		6ECC06B82BE2FFA40072EAEE /* UsersApp */ = {
			isa = PBXGroup;
			children = (
				6ECC06B92BE2FFA40072EAEE /* UsersAppApp.swift */,
				6ECC06BB2BE2FFA40072EAEE /* ContentView.swift */,
				6ECC06BD2BE2FFA60072EAEE /* Assets.xcassets */,
				6ECC06BF2BE2FFA60072EAEE /* Preview Content */,
			);
			path = UsersApp;
			sourceTree = "<group>";
		};
		6ECC06BF2BE2FFA60072EAEE /* Preview Content */ = {
			isa = PBXGroup;
			children = (
				6ECC06C02BE2FFA60072EAEE /* Preview Assets.xcassets */,
			);
			path = "Preview Content";
			sourceTree = "<group>";
		};
		6ECC06C92BE2FFA60072EAEE /* UsersAppTests */ = {
			isa = PBXGroup;
			children = (
				6ECC06CA2BE2FFA60072EAEE /* UsersAppTests.swift */,
			);
			path = UsersAppTests;
			sourceTree = "<group>";
		};
		6ECC06D32BE2FFA60072EAEE /* UsersAppUITests */ = {
			isa = PBXGroup;
			children = (
				6ECC06D42BE2FFA60072EAEE /* UsersAppUITests.swift */,
				6ECC06D62BE2FFA60072EAEE /* UsersAppUITestsLaunchTests.swift */,
			);
			path = UsersAppUITests;
			sourceTree = "<group>";
		};
/* End PBXGroup section */

/* Begin PBXNativeTarget section */
		6ECC06B52BE2FFA40072EAEE /* UsersApp */ = {
			isa = PBXNativeTarget;
			buildConfigurationList = 6ECC06DA2BE2FFA60072EAEE /* Build configuration list for PBXNativeTarget "UsersApp" */;
			buildPhases = (
				6ECC06B22BE2FFA40072EAEE /* Sources */,
				6ECC06B32BE2FFA40072EAEE /* Frameworks */,
				6ECC06B42BE2FFA40072EAEE /* Resources */,
			);
			buildRules = (
			);
			dependencies = (
			);
			name = UsersApp;
			productName = UsersApp;
			productReference = 6ECC06B62BE2FFA40072EAEE /* UsersApp.app */;
			productType = "com.apple.product-type.application";
		};
		6ECC06C52BE2FFA60072EAEE /* UsersAppTests */ = {
			isa = PBXNativeTarget;
			buildConfigurationList = 6ECC06DD2BE2FFA60072EAEE /* Build configuration list for PBXNativeTarget "UsersAppTests" */;
			buildPhases = (
				6ECC06C22BE2FFA60072EAEE /* Sources */,
				6ECC06C32BE2FFA60072EAEE /* Frameworks */,
				6ECC06C42BE2FFA60072EAEE /* Resources */,
			);
			buildRules = (
			);
			dependencies = (
				6ECC06C82BE2FFA60072EAEE /* PBXTargetDependency */,
			);
			name = UsersAppTests;
			productName = UsersAppTests;
			productReference = 6ECC06C62BE2FFA60072EAEE /* UsersAppTests.xctest */;
			productType = "com.apple.product-type.bundle.unit-test";
		};
		6ECC06CF2BE2FFA60072EAEE /* UsersAppUITests */ = {
			isa = PBXNativeTarget;
			buildConfigurationList = 6ECC06E02BE2FFA60072EAEE /* Build configuration list for PBXNativeTarget "UsersAppUITests" */;
			buildPhases = (
				6ECC06CC2BE2FFA60072EAEE /* Sources */,
				6ECC06CD2BE2FFA60072EAEE /* Frameworks */,
				6ECC06CE2BE2FFA60072EAEE /* Resources */,
			);
			buildRules = (
			);
			dependencies = (
				6ECC06D22BE2FFA60072EAEE /* PBXTargetDependency */,
			);
			name = UsersAppUITests;
			productName = UsersAppUITests;
			productReference = 6ECC06D02BE2FFA60072EAEE /* UsersAppUITests.xctest */;
			productType = "com.apple.product-type.bundle.ui-testing";
		};
/* End PBXNativeTarget section */

/* Begin PBXProject section */
		6ECC06AE2BE2FFA40072EAEE /* Project object */ = {
			isa = PBXProject;
			attributes = {
				BuildIndependentTargetsInParallel = 1;
				LastSwiftUpdateCheck = 1520;
				LastUpgradeCheck = 1520;
				TargetAttributes = {
					6ECC06B52BE2FFA40072EAEE = {
						CreatedOnToolsVersion = 15.2;
					};
					6ECC06C52BE2FFA60072EAEE = {
						CreatedOnToolsVersion = 15.2;
						TestTargetID = 6ECC06B52BE2FFA40072EAEE;
					};
					6ECC06CF2BE2FFA60072EAEE = {
						CreatedOnToolsVersion = 15.2;
						TestTargetID = 6ECC06B52BE2FFA40072EAEE;
					};
				};
			};
			buildConfigurationList = 6ECC06B12BE2FFA40072EAEE /* Build configuration list for PBXProject "UsersApp" */;
			compatibilityVersion = "Xcode 14.0";
			developmentRegion = en;
			hasScannedForEncodings = 0;
			knownRegions = (
				en,
				Base,
			);
			mainGroup = 6ECC06AD2BE2FFA40072EAEE;
			productRefGroup = 6ECC06B72BE2FFA40072EAEE /* Products */;
			projectDirPath = "";
			projectRoot = "";
			targets = (
				6ECC06B52BE2FFA40072EAEE /* UsersApp */,
				6ECC06C52BE2FFA60072EAEE /* UsersAppTests */,
				6ECC06CF2BE2FFA60072EAEE /* UsersAppUITests */,
			);
		};
/* End PBXProject section */

/* Begin PBXResourcesBuildPhase section */
		6ECC06B42BE2FFA40072EAEE /* Resources */ = {
			isa = PBXResourcesBuildPhase;
			buildActionMask = 2147483647;
			files = (
				6ECC06C12BE2FFA60072EAEE /* Preview Assets.xcassets in Resources */,
				6ECC06BE2BE2FFA60072EAEE /* Assets.xcassets in Resources */,
			);
			runOnlyForDeploymentPostprocessing = 0;
		};
		6ECC06C42BE2FFA60072EAEE /* Resources */ = {
			isa = PBXResourcesBuildPhase;
			buildActionMask = 2147483647;
			files = (
			);
			runOnlyForDeploymentPostprocessing = 0;
		};
		6ECC06CE2BE2FFA60072EAEE /* Resources */ = {
			isa = PBXResourcesBuildPhase;
			buildActionMask = 2147483647;
			files = (
			);
			runOnlyForDeploymentPostprocessing = 0;
		};
/* End PBXResourcesBuildPhase section */

/* Begin PBXSourcesBuildPhase section */
		6ECC06B22BE2FFA40072EAEE /* Sources */ = {
			isa = PBXSourcesBuildPhase;
			buildActionMask = 2147483647;
			files = (
				6ECC06BC2BE2FFA40072EAEE /* ContentView.swift in Sources */,
				6ECC06BA2BE2FFA40072EAEE /* UsersAppApp.swift in Sources */,
			);
			runOnlyForDeploymentPostprocessing = 0;
		};
		6ECC06C22BE2FFA60072EAEE /* Sources */ = {
			isa = PBXSourcesBuildPhase;
			buildActionMask = 2147483647;
			files = (
				6ECC06CB2BE2FFA60072EAEE /* UsersAppTests.swift in Sources */,
			);
			runOnlyForDeploymentPostprocessing = 0;
		};
		6ECC06CC2BE2FFA60072EAEE /* Sources */ = {
			isa = PBXSourcesBuildPhase;
			buildActionMask = 2147483647;
			files = (
				6ECC06D72BE2FFA60072EAEE /* UsersAppUITestsLaunchTests.swift in Sources */,
				6ECC06D52BE2FFA60072EAEE /* UsersAppUITests.swift in Sources */,
			);
			runOnlyForDeploymentPostprocessing = 0;
		};
/* End PBXSourcesBuildPhase section */

/* Begin PBXTargetDependency section */
		6ECC06C82BE2FFA60072EAEE /* PBXTargetDependency */ = {
			isa = PBXTargetDependency;
			target = 6ECC06B52BE2FFA40072EAEE /* UsersApp */;
			targetProxy = 6ECC06C72BE2FFA60072EAEE /* PBXContainerItemProxy */;
		};
		6ECC06D22BE2FFA60072EAEE /* PBXTargetDependency */ = {
			isa = PBXTargetDependency;
			target = 6ECC06B52BE2FFA40072EAEE /* UsersApp */;
			targetProxy = 6ECC06D12BE2FFA60072EAEE /* PBXContainerItemProxy */;
		};
/* End PBXTargetDependency section */

/* Begin XCBuildConfiguration section */
		6ECC06D82BE2FFA60072EAEE /* Debug */ = {
			isa = XCBuildConfiguration;
			buildSettings = {
				ALWAYS_SEARCH_USER_PATHS = NO;
				ASSETCATALOG_COMPILER_GENERATE_SWIFT_ASSET_SYMBOL_EXTENSIONS = YES;
				CLANG_ANALYZER_NONNULL = YES;
				CLANG_ANALYZER_NUMBER_OBJECT_CONVERSION = YES_AGGRESSIVE;
				CLANG_CXX_LANGUAGE_STANDARD = "gnu++20";
				CLANG_ENABLE_MODULES = YES;
				CLANG_ENABLE_OBJC_ARC = YES;
				CLANG_ENABLE_OBJC_WEAK = YES;
				CLANG_WARN_BLOCK_CAPTURE_AUTORELEASING = YES;
				CLANG_WARN_BOOL_CONVERSION = YES;
				CLANG_WARN_COMMA = YES;
				CLANG_WARN_CONSTANT_CONVERSION = YES;
				CLANG_WARN_DEPRECATED_OBJC_IMPLEMENTATIONS = YES;
				CLANG_WARN_DIRECT_OBJC_ISA_USAGE = YES_ERROR;
				CLANG_WARN_DOCUMENTATION_COMMENTS = YES;
				CLANG_WARN_EMPTY_BODY = YES;
				CLANG_WARN_ENUM_CONVERSION = YES;
				CLANG_WARN_INFINITE_RECURSION = YES;
				CLANG_WARN_INT_CONVERSION = YES;
				CLANG_WARN_NON_LITERAL_NULL_CONVERSION = YES;
				CLANG_WARN_OBJC_IMPLICIT_RETAIN_SELF = YES;
				CLANG_WARN_OBJC_LITERAL_CONVERSION = YES;
				CLANG_WARN_OBJC_ROOT_CLASS = YES_ERROR;
				CLANG_WARN_QUOTED_INCLUDE_IN_FRAMEWORK_HEADER = YES;
				CLANG_WARN_RANGE_LOOP_ANALYSIS = YES;
				CLANG_WARN_STRICT_PROTOTYPES = YES;
				CLANG_WARN_SUSPICIOUS_MOVE = YES;
				CLANG_WARN_UNGUARDED_AVAILABILITY = YES_AGGRESSIVE;
				CLANG_WARN_UNREACHABLE_CODE = YES;
				CLANG_WARN__DUPLICATE_METHOD_MATCH = YES;
				COPY_PHASE_STRIP = NO;
				DEBUG_INFORMATION_FORMAT = dwarf;
				ENABLE_STRICT_OBJC_MSGSEND = YES;
				ENABLE_TESTABILITY = YES;
				ENABLE_USER_SCRIPT_SANDBOXING = YES;
				GCC_C_LANGUAGE_STANDARD = gnu17;
				GCC_DYNAMIC_NO_PIC = NO;
				GCC_NO_COMMON_BLOCKS = YES;
				GCC_OPTIMIZATION_LEVEL = 0;
				GCC_PREPROCESSOR_DEFINITIONS = (
					"DEBUG=1",
					"$(inherited)",
				);
				GCC_WARN_64_TO_32_BIT_CONVERSION = YES;
				GCC_WARN_ABOUT_RETURN_TYPE = YES_ERROR;
				GCC_WARN_UNDECLARED_SELECTOR = YES;
				GCC_WARN_UNINITIALIZED_AUTOS = YES_AGGRESSIVE;
				GCC_WARN_UNUSED_FUNCTION = YES;
				GCC_WARN_UNUSED_VARIABLE = YES;
				IPHONEOS_DEPLOYMENT_TARGET = 17.2;
				LOCALIZATION_PREFERS_STRING_CATALOGS = YES;
				MTL_ENABLE_DEBUG_INFO = INCLUDE_SOURCE;
				MTL_FAST_MATH = YES;
				ONLY_ACTIVE_ARCH = YES;
				SDKROOT = iphoneos;
				SWIFT_ACTIVE_COMPILATION_CONDITIONS = "DEBUG $(inherited)";
				SWIFT_OPTIMIZATION_LEVEL = "-Onone";
			};
			name = Debug;
		};
		6ECC06D92BE2FFA60072EAEE /* Release */ = {
			isa = XCBuildConfiguration;
			buildSettings = {
				ALWAYS_SEARCH_USER_PATHS = NO;
				ASSETCATALOG_COMPILER_GENERATE_SWIFT_ASSET_SYMBOL_EXTENSIONS = YES;
				CLANG_ANALYZER_NONNULL = YES;
				CLANG_ANALYZER_NUMBER_OBJECT_CONVERSION = YES_AGGRESSIVE;
				CLANG_CXX_LANGUAGE_STANDARD = "gnu++20";
				CLANG_ENABLE_MODULES = YES;
				CLANG_ENABLE_OBJC_ARC = YES;
				CLANG_ENABLE_OBJC_WEAK = YES;
				CLANG_WARN_BLOCK_CAPTURE_AUTORELEASING = YES;
				CLANG_WARN_BOOL_CONVERSION = YES;
				CLANG_WARN_COMMA = YES;
				CLANG_WARN_CONSTANT_CONVERSION = YES;
				CLANG_WARN_DEPRECATED_OBJC_IMPLEMENTATIONS = YES;
				CLANG_WARN_DIRECT_OBJC_ISA_USAGE = YES_ERROR;
				CLANG_WARN_DOCUMENTATION_COMMENTS = YES;
				CLANG_WARN_EMPTY_BODY = YES;
				CLANG_WARN_ENUM_CONVERSION = YES;
				CLANG_WARN_INFINITE_RECURSION = YES;
				CLANG_WARN_INT_CONVERSION = YES;
				CLANG_WARN_NON_LITERAL_NULL_CONVERSION = YES;
				CLANG_WARN_OBJC_IMPLICIT_RETAIN_SELF = YES;
				CLANG_WARN_OBJC_LITERAL_CONVERSION = YES;
				CLANG_WARN_OBJC_ROOT_CLASS = YES_ERROR;
				CLANG_WARN_QUOTED_INCLUDE_IN_FRAMEWORK_HEADER = YES;
				CLANG_WARN_RANGE_LOOP_ANALYSIS = YES;
				CLANG_WARN_STRICT_PROTOTYPES = YES;
				CLANG_WARN_SUSPICIOUS_MOVE = YES;
				CLANG_WARN_UNGUARDED_AVAILABILITY = YES_AGGRESSIVE;
				CLANG_WARN_UNREACHABLE_CODE = YES;
				CLANG_WARN__DUPLICATE_METHOD_MATCH = YES;
				COPY_PHASE_STRIP = NO;
				DEBUG_INFORMATION_FORMAT = "dwarf-with-dsym";
				ENABLE_NS_ASSERTIONS = NO;
				ENABLE_STRICT_OBJC_MSGSEND = YES;
				ENABLE_USER_SCRIPT_SANDBOXING = YES;
				GCC_C_LANGUAGE_STANDARD = gnu17;
				GCC_NO_COMMON_BLOCKS = YES;
				GCC_WARN_64_TO_32_BIT_CONVERSION = YES;
				GCC_WARN_ABOUT_RETURN_TYPE = YES_ERROR;
				GCC_WARN_UNDECLARED_SELECTOR = YES;
				GCC_WARN_UNINITIALIZED_AUTOS = YES_AGGRESSIVE;
				GCC_WARN_UNUSED_FUNCTION = YES;
				GCC_WARN_UNUSED_VARIABLE = YES;
				IPHONEOS_DEPLOYMENT_TARGET = 17.2;
				LOCALIZATION_PREFERS_STRING_CATALOGS = YES;
				MTL_ENABLE_DEBUG_INFO = NO;
				MTL_FAST_MATH = YES;
				SDKROOT = iphoneos;
				SWIFT_COMPILATION_MODE = wholemodule;
				VALIDATE_PRODUCT = YES;
			};
			name = Release;
		};
		6ECC06DB2BE2FFA60072EAEE /* Debug */ = {
			isa = XCBuildConfiguration;
			buildSettings = {
				ASSETCATALOG_COMPILER_APPICON_NAME = AppIcon;
				ASSETCATALOG_COMPILER_GLOBAL_ACCENT_COLOR_NAME = AccentColor;
				CODE_SIGN_STYLE = Automatic;
				CURRENT_PROJECT_VERSION = 1;
				DEVELOPMENT_ASSET_PATHS = "\"UsersApp/Preview Content\"";
				ENABLE_PREVIEWS = YES;
				GENERATE_INFOPLIST_FILE = YES;
				INFOPLIST_KEY_UIApplicationSceneManifest_Generation = YES;
				INFOPLIST_KEY_UIApplicationSupportsIndirectInputEvents = YES;
				INFOPLIST_KEY_UILaunchScreen_Generation = YES;
				INFOPLIST_KEY_UISupportedInterfaceOrientations_iPad = "UIInterfaceOrientationPortrait UIInterfaceOrientationPortraitUpsideDown UIInterfaceOrientationLandscapeLeft UIInterfaceOrientationLandscapeRight";
				INFOPLIST_KEY_UISupportedInterfaceOrientations_iPhone = "UIInterfaceOrientationPortrait UIInterfaceOrientationLandscapeLeft UIInterfaceOrientationLandscapeRight";
				LD_RUNPATH_SEARCH_PATHS = (
					"$(inherited)",
					"@executable_path/Frameworks",
				);
				MARKETING_VERSION = 1.0;
				PRODUCT_BUNDLE_IDENTIFIER = cristian.laguna.UsersApp;
				PRODUCT_NAME = "$(TARGET_NAME)";
				SWIFT_EMIT_LOC_STRINGS = YES;
				SWIFT_VERSION = 5.0;
				TARGETED_DEVICE_FAMILY = "1,2";
			};
			name = Debug;
		};
		6ECC06DC2BE2FFA60072EAEE /* Release */ = {
			isa = XCBuildConfiguration;
			buildSettings = {
				ASSETCATALOG_COMPILER_APPICON_NAME = AppIcon;
				ASSETCATALOG_COMPILER_GLOBAL_ACCENT_COLOR_NAME = AccentColor;
				CODE_SIGN_STYLE = Automatic;
				CURRENT_PROJECT_VERSION = 1;
				DEVELOPMENT_ASSET_PATHS = "\"UsersApp/Preview Content\"";
				ENABLE_PREVIEWS = YES;
				GENERATE_INFOPLIST_FILE = YES;
				INFOPLIST_KEY_UIApplicationSceneManifest_Generation = YES;
				INFOPLIST_KEY_UIApplicationSupportsIndirectInputEvents = YES;
				INFOPLIST_KEY_UILaunchScreen_Generation = YES;
				INFOPLIST_KEY_UISupportedInterfaceOrientations_iPad = "UIInterfaceOrientationPortrait UIInterfaceOrientationPortraitUpsideDown UIInterfaceOrientationLandscapeLeft UIInterfaceOrientationLandscapeRight";
				INFOPLIST_KEY_UISupportedInterfaceOrientations_iPhone = "UIInterfaceOrientationPortrait UIInterfaceOrientationLandscapeLeft UIInterfaceOrientationLandscapeRight";
				LD_RUNPATH_SEARCH_PATHS = (
					"$(inherited)",
					"@executable_path/Frameworks",
				);
				MARKETING_VERSION = 1.0;
				PRODUCT_BUNDLE_IDENTIFIER = cristian.laguna.UsersApp;
				PRODUCT_NAME = "$(TARGET_NAME)";
				SWIFT_EMIT_LOC_STRINGS = YES;
				SWIFT_VERSION = 5.0;
				TARGETED_DEVICE_FAMILY = "1,2";
			};
			name = Release;
		};
		6ECC06DE2BE2FFA60072EAEE /* Debug */ = {
			isa = XCBuildConfiguration;
			buildSettings = {
				ALWAYS_EMBED_SWIFT_STANDARD_LIBRARIES = YES;
				BUNDLE_LOADER = "$(TEST_HOST)";
				CODE_SIGN_STYLE = Automatic;
				CURRENT_PROJECT_VERSION = 1;
				GENERATE_INFOPLIST_FILE = YES;
				IPHONEOS_DEPLOYMENT_TARGET = 17.2;
				MARKETING_VERSION = 1.0;
				PRODUCT_BUNDLE_IDENTIFIER = cristian.laguna.UsersAppTests;
				PRODUCT_NAME = "$(TARGET_NAME)";
				SWIFT_EMIT_LOC_STRINGS = NO;
				SWIFT_VERSION = 5.0;
				TARGETED_DEVICE_FAMILY = "1,2";
				TEST_HOST = "$(BUILT_PRODUCTS_DIR)/UsersApp.app/$(BUNDLE_EXECUTABLE_FOLDER_PATH)/UsersApp";
			};
			name = Debug;
		};
		6ECC06DF2BE2FFA60072EAEE /* Release */ = {
			isa = XCBuildConfiguration;
			buildSettings = {
				ALWAYS_EMBED_SWIFT_STANDARD_LIBRARIES = YES;
				BUNDLE_LOADER = "$(TEST_HOST)";
				CODE_SIGN_STYLE = Automatic;
				CURRENT_PROJECT_VERSION = 1;
				GENERATE_INFOPLIST_FILE = YES;
				IPHONEOS_DEPLOYMENT_TARGET = 17.2;
				MARKETING_VERSION = 1.0;
				PRODUCT_BUNDLE_IDENTIFIER = cristian.laguna.UsersAppTests;
				PRODUCT_NAME = "$(TARGET_NAME)";
				SWIFT_EMIT_LOC_STRINGS = NO;
				SWIFT_VERSION = 5.0;
				TARGETED_DEVICE_FAMILY = "1,2";
				TEST_HOST = "$(BUILT_PRODUCTS_DIR)/UsersApp.app/$(BUNDLE_EXECUTABLE_FOLDER_PATH)/UsersApp";
			};
			name = Release;
		};
		6ECC06E12BE2FFA60072EAEE /* Debug */ = {
			isa = XCBuildConfiguration;
			buildSettings = {
				ALWAYS_EMBED_SWIFT_STANDARD_LIBRARIES = YES;
				CODE_SIGN_STYLE = Automatic;
				CURRENT_PROJECT_VERSION = 1;
				GENERATE_INFOPLIST_FILE = YES;
				MARKETING_VERSION = 1.0;
				PRODUCT_BUNDLE_IDENTIFIER = cristian.laguna.UsersAppUITests;
				PRODUCT_NAME = "$(TARGET_NAME)";
				SWIFT_EMIT_LOC_STRINGS = NO;
				SWIFT_VERSION = 5.0;
				TARGETED_DEVICE_FAMILY = "1,2";
				TEST_TARGET_NAME = UsersApp;
			};
			name = Debug;
		};
		6ECC06E22BE2FFA60072EAEE /* Release */ = {
			isa = XCBuildConfiguration;
			buildSettings = {
				ALWAYS_EMBED_SWIFT_STANDARD_LIBRARIES = YES;
				CODE_SIGN_STYLE = Automatic;
				CURRENT_PROJECT_VERSION = 1;
				GENERATE_INFOPLIST_FILE = YES;
				MARKETING_VERSION = 1.0;
				PRODUCT_BUNDLE_IDENTIFIER = cristian.laguna.UsersAppUITests;
				PRODUCT_NAME = "$(TARGET_NAME)";
				SWIFT_EMIT_LOC_STRINGS = NO;
				SWIFT_VERSION = 5.0;
				TARGETED_DEVICE_FAMILY = "1,2";
				TEST_TARGET_NAME = UsersApp;
			};
			name = Release;
		};
/* End XCBuildConfiguration section */

/* Begin XCConfigurationList section */
		6ECC06B12BE2FFA40072EAEE /* Build configuration list for PBXProject "UsersApp" */ = {
			isa = XCConfigurationList;
			buildConfigurations = (
				6ECC06D82BE2FFA60072EAEE /* Debug */,
				6ECC06D92BE2FFA60072EAEE /* Release */,
			);
			defaultConfigurationIsVisible = 0;
			defaultConfigurationName = Release;
		};
		6ECC06DA2BE2FFA60072EAEE /* Build configuration list for PBXNativeTarget "UsersApp" */ = {
			isa = XCConfigurationList;
			buildConfigurations = (
				6ECC06DB2BE2FFA60072EAEE /* Debug */,
				6ECC06DC2BE2FFA60072EAEE /* Release */,
			);
			defaultConfigurationIsVisible = 0;
			defaultConfigurationName = Release;
		};
		6ECC06DD2BE2FFA60072EAEE /* Build configuration list for PBXNativeTarget "UsersAppTests" */ = {
			isa = XCConfigurationList;
			buildConfigurations = (
				6ECC06DE2BE2FFA60072EAEE /* Debug */,
				6ECC06DF2BE2FFA60072EAEE /* Release */,
			);
			defaultConfigurationIsVisible = 0;
			defaultConfigurationName = Release;
		};
		6ECC06E02BE2FFA60072EAEE /* Build configuration list for PBXNativeTarget "UsersAppUITests" */ = {
			isa = XCConfigurationList;
			buildConfigurations = (
				6ECC06E12BE2FFA60072EAEE /* Debug */,
				6ECC06E22BE2FFA60072EAEE /* Release */,
			);
			defaultConfigurationIsVisible = 0;
			defaultConfigurationName = Release;
		};
/* End XCConfigurationList section */
	};
	rootObject = 6ECC06AE2BE2FFA40072EAEE /* Project object */;
}
